
Microsoft Visual Studio Solution File, Format Version 12.00
# Visual Studio Version 17
VisualStudioVersion = 17.4.33205.214
MinimumVisualStudioVersion = 10.0.40219.1
Project("{FAE04EC0-301F-11D3-BF4B-00C04F79EFBC}") = "EncrypedTest", "EncrypedTest\EncrypedTest.csproj", "{F9DE56E5-B683-407B-A31A-62182E2A9E4B}"
EndProject
Global
	GlobalSection(SolutionConfigurationPlatforms) = preSolution
		Debug|Any CPU = Debug|Any CPU
		Release|Any CPU = Release|Any CPU
	EndGlobalSection
	GlobalSection(ProjectConfigurationPlatforms) = postSolution
		{F9DE56E5-B683-407B-A31A-62182E2A9E4B}.Debug|Any CPU.ActiveCfg = Debug|Any CPU
		{F9DE56E5-B683-407B-A31A-62182E2A9E4B}.Debug|Any CPU.Build.0 = Debug|Any CPU
		{F9DE56E5-B683-407B-A31A-62182E2A9E4B}.Release|Any CPU.ActiveCfg = Release|Any CPU
		{F9DE56E5-B683-407B-A31A-62182E2A9E4B}.Release|Any CPU.Build.0 = Release|Any CPU
	EndGlobalSection
	GlobalSection(SolutionProperties) = preSolution
		HideSolutionNode = FALSE
	EndGlobalSection
	GlobalSection(ExtensibilityGlobals) = postSolution
		SolutionGuid = {BBA85D19-BC3D-4119-819D-1BACABB9B4ED}
	EndGlobalSection
EndGlobal
